
Microsoft Visual Studio Solution File, Format Version 12.00
# Visual Studio 15
VisualStudioVersion = 15.0.26228.4
MinimumVisualStudioVersion = 10.0.40219.1
Project("{FAE04EC0-301F-11D3-BF4B-00C04F79EFBC}") = "Benchmark", "Benchmark\Benchmark.csproj", "{FFC6BF88-FD56-4B5A-8D87-6ECA4825C49F}"
EndProject
Project("{2150E333-8FDC-42A3-9474-1A3956D46DE8}") = "Solution Items", "Solution Items", "{78976B2D-679A-43ED-8E4D-2F7AC37E54A3}"
	ProjectSection(SolutionItems) = preProject
		..\..\README.md = ..\..\README.md
	EndProjectSection
EndProject
Global
	GlobalSection(SolutionConfigurationPlatforms) = preSolution
		Debug|Any CPU = Debug|Any CPU
		Release|Any CPU = Release|Any CPU
	EndGlobalSection
	GlobalSection(ProjectConfigurationPlatforms) = postSolution
		{FFC6BF88-FD56-4B5A-8D87-6ECA4825C49F}.Debug|Any CPU.ActiveCfg = Debug|Any CPU
		{FFC6BF88-FD56-4B5A-8D87-6ECA4825C49F}.Debug|Any CPU.Build.0 = Debug|Any CPU
		{FFC6BF88-FD56-4B5A-8D87-6ECA4825C49F}.Release|Any CPU.ActiveCfg = Release|Any CPU
		{FFC6BF88-FD56-4B5A-8D87-6ECA4825C49F}.Release|Any CPU.Build.0 = Release|Any CPU
	EndGlobalSection
	GlobalSection(SolutionProperties) = preSolution
		HideSolutionNode = FALSE
	EndGlobalSection
EndGlobal
